
Microsoft Visual Studio Solution File, Format Version 12.00
# Visual Studio Version 17
VisualStudioVersion = 17.10.35013.160
MinimumVisualStudioVersion = 10.0.40219.1
Project("{FAE04EC0-301F-11D3-BF4B-00C04F79EFBC}") = "El mismo enano comunista 3 XDDDDDDDDDDD", "El mismo enano comunista 3 XDDDDDDDDDDD\El mismo enano comunista 3 XDDDDDDDDDDD.csproj", "{1F467037-5FBB-4F2C-A5E5-7512C3631802}"
EndProject
Global
	GlobalSection(SolutionConfigurationPlatforms) = preSolution
		Debug|Any CPU = Debug|Any CPU
		Release|Any CPU = Release|Any CPU
	EndGlobalSection
	GlobalSection(ProjectConfigurationPlatforms) = postSolution
		{1F467037-5FBB-4F2C-A5E5-7512C3631802}.Debug|Any CPU.ActiveCfg = Debug|Any CPU
		{1F467037-5FBB-4F2C-A5E5-7512C3631802}.Debug|Any CPU.Build.0 = Debug|Any CPU
		{1F467037-5FBB-4F2C-A5E5-7512C3631802}.Release|Any CPU.ActiveCfg = Release|Any CPU
		{1F467037-5FBB-4F2C-A5E5-7512C3631802}.Release|Any CPU.Build.0 = Release|Any CPU
	EndGlobalSection
	GlobalSection(SolutionProperties) = preSolution
		HideSolutionNode = FALSE
	EndGlobalSection
	GlobalSection(ExtensibilityGlobals) = postSolution
		SolutionGuid = {E3F3C11F-B58E-41A1-9EC7-7BD0E9385E56}
	EndGlobalSection
EndGlobal
